
Microsoft Visual Studio Solution File, Format Version 12.00
# Visual Studio Version 17
VisualStudioVersion = 17.3.32825.248
MinimumVisualStudioVersion = 10.0.40219.1
Project("{9A19103F-16F7-4668-BE54-9A1E7A4F7556}") = "BookStoreApp.API", "BookStoreApp.API\BookStoreApp.API.csproj", "{044651CE-CB40-43AF-8FC9-445E5C8B8B9A}"
EndProject
Project("{9A19103F-16F7-4668-BE54-9A1E7A4F7556}") = "BookStoreApp.Blazor.Server.UI", "BookStoreApp.Blazor.Server.UI\BookStoreApp.Blazor.Server.UI.csproj", "{FBEDBD75-DA6E-4E2F-92A1-67EE85C2F98D}"
EndProject
Global
	GlobalSection(SolutionConfigurationPlatforms) = preSolution
		Debug|Any CPU = Debug|Any CPU
		Release|Any CPU = Release|Any CPU
	EndGlobalSection
	GlobalSection(ProjectConfigurationPlatforms) = postSolution
		{044651CE-CB40-43AF-8FC9-445E5C8B8B9A}.Debug|Any CPU.ActiveCfg = Debug|Any CPU
		{044651CE-CB40-43AF-8FC9-445E5C8B8B9A}.Debug|Any CPU.Build.0 = Debug|Any CPU
		{044651CE-CB40-43AF-8FC9-445E5C8B8B9A}.Release|Any CPU.ActiveCfg = Release|Any CPU
		{044651CE-CB40-43AF-8FC9-445E5C8B8B9A}.Release|Any CPU.Build.0 = Release|Any CPU
		{FBEDBD75-DA6E-4E2F-92A1-67EE85C2F98D}.Debug|Any CPU.ActiveCfg = Debug|Any CPU
		{FBEDBD75-DA6E-4E2F-92A1-67EE85C2F98D}.Debug|Any CPU.Build.0 = Debug|Any CPU
		{FBEDBD75-DA6E-4E2F-92A1-67EE85C2F98D}.Release|Any CPU.ActiveCfg = Release|Any CPU
		{FBEDBD75-DA6E-4E2F-92A1-67EE85C2F98D}.Release|Any CPU.Build.0 = Release|Any CPU
	EndGlobalSection
	GlobalSection(SolutionProperties) = preSolution
		HideSolutionNode = FALSE
	EndGlobalSection
	GlobalSection(ExtensibilityGlobals) = postSolution
		SolutionGuid = {3110EA0C-2F4D-4855-BFA8-0FEB463092D0}
	EndGlobalSection
EndGlobal
